{
	"name": "@reaqtive/docs",
	"version": "0.0.0-beta16",
	"lockfileVersion": 1,
	"requires": true,
	"dependencies": {
		"http-proxy-middleware": {
			"version": "1.3.1",
			"resolved": "https://registry.npmjs.org/http-proxy-middleware/-/http-proxy-middleware-1.3.1.tgz",
			"integrity": "sha512-13eVVDYS4z79w7f1+NPllJtOQFx/FdUW4btIvVRMaRlUY9VGstAbo5MOhLEuUgZFRHn3x50ufn25zkj/boZnEg==",
			"dev": true,
			"requires": {
				"@types/http-proxy": "^1.17.5",
				"http-proxy": "^1.18.1",
				"is-glob": "^4.0.1",
				"is-plain-obj": "^3.0.0",
				"micromatch": "^4.0.2"
			},
			"dependencies": {
				"@types/http-proxy": {
					"version": "1.17.6",
					"resolved": "https://registry.npmjs.org/@types/http-proxy/-/http-proxy-1.17.6.tgz",
					"integrity": "sha512-+qsjqR75S/ib0ig0R9WN+CDoZeOBU6F2XLewgC4KVgdXiNHiKKHFEMRHOrs5PbYE97D5vataw5wPj4KLYfUkuQ==",
					"dev": true,
					"requires": {
						"@types/node": "*"
					}
				},
				"@types/node": {
					"version": "15.12.2",
					"resolved": "https://registry.npmjs.org/@types/node/-/node-15.12.2.tgz",
					"integrity": "sha512-zjQ69G564OCIWIOHSXyQEEDpdpGl+G348RAKY0XXy9Z5kU9Vzv1GMNnkar/ZJ8dzXB3COzD9Mo9NtRZ4xfgUww==",
					"dev": true
				},
				"braces": {
					"version": "3.0.2",
					"resolved": "https://registry.npmjs.org/braces/-/braces-3.0.2.tgz",
					"integrity": "sha512-b8um+L1RzM3WDSzvhm6gIz1yfTbBt6YTlcEKAvsmqCZZFw46z626lVj9j1yEPW33H5H+lBQpZMP1k8l+78Ha0A==",
					"dev": true,
					"requires": {
						"fill-range": "^7.0.1"
					}
				},
				"eventemitter3": {
					"version": "4.0.7",
					"resolved": "https://registry.npmjs.org/eventemitter3/-/eventemitter3-4.0.7.tgz",
					"integrity": "sha512-8guHBZCwKnFhYdHr2ysuRWErTwhoN2X8XELRlrRwpmfeY2jjuUN4taQMsULKUVo1K4DvZl+0pgfyoysHxvmvEw==",
					"dev": true
				},
				"fill-range": {
					"version": "7.0.1",
					"resolved": "https://registry.npmjs.org/fill-range/-/fill-range-7.0.1.tgz",
					"integrity": "sha512-qOo9F+dMUmC2Lcb4BbVvnKJxTPjCm+RRpe4gDuGrzkL7mEVl/djYSu2OdQ2Pa302N4oqkSg9ir6jaLWJ2USVpQ==",
					"dev": true,
					"requires": {
						"to-regex-range": "^5.0.1"
					}
				},
				"follow-redirects": {
					"version": "1.14.1",
					"resolved": "https://registry.npmjs.org/follow-redirects/-/follow-redirects-1.14.1.tgz",
					"integrity": "sha512-HWqDgT7ZEkqRzBvc2s64vSZ/hfOceEol3ac/7tKwzuvEyWx3/4UegXh5oBOIotkGsObyk3xznnSRVADBgWSQVg==",
					"dev": true
				},
				"http-proxy": {
					"version": "1.18.1",
					"resolved": "https://registry.npmjs.org/http-proxy/-/http-proxy-1.18.1.tgz",
					"integrity": "sha512-7mz/721AbnJwIVbnaSv1Cz3Am0ZLT/UBwkC92VlxhXv/k/BBQfM2fXElQNC27BVGr0uwUpplYPQM9LnaBMR5NQ==",
					"dev": true,
					"requires": {
						"eventemitter3": "^4.0.0",
						"follow-redirects": "^1.0.0",
						"requires-port": "^1.0.0"
					}
				},
				"is-extglob": {
					"version": "2.1.1",
					"resolved": "https://registry.npmjs.org/is-extglob/-/is-extglob-2.1.1.tgz",
					"integrity": "sha1-qIwCU1eR8C7TfHahueqXc8gz+MI=",
					"dev": true
				},
				"is-glob": {
					"version": "4.0.1",
					"resolved": "https://registry.npmjs.org/is-glob/-/is-glob-4.0.1.tgz",
					"integrity": "sha512-5G0tKtBTFImOqDnLB2hG6Bp2qcKEFduo4tZu9MT/H6NQv/ghhy30o55ufafxJ/LdH79LLs2Kfrn85TLKyA7BUg==",
					"dev": true,
					"requires": {
						"is-extglob": "^2.1.1"
					}
				},
				"is-number": {
					"version": "7.0.0",
					"resolved": "https://registry.npmjs.org/is-number/-/is-number-7.0.0.tgz",
					"integrity": "sha512-41Cifkg6e8TylSpdtTpeLVMqvSBEVzTttHvERD741+pnZ8ANv0004MRL43QKPDlK9cGvNp6NZWZUBlbGXYxxng==",
					"dev": true
				},
				"is-plain-obj": {
					"version": "3.0.0",
					"resolved": "https://registry.npmjs.org/is-plain-obj/-/is-plain-obj-3.0.0.tgz",
					"integrity": "sha512-gwsOE28k+23GP1B6vFl1oVh/WOzmawBrKwo5Ev6wMKzPkaXaCDIQKzLnvsA42DRlbVTWorkgTKIviAKCWkfUwA==",
					"dev": true
				},
				"micromatch": {
					"version": "4.0.4",
					"resolved": "https://registry.npmjs.org/micromatch/-/micromatch-4.0.4.tgz",
					"integrity": "sha512-pRmzw/XUcwXGpD9aI9q/0XOwLNygjETJ8y0ao0wdqprrzDa4YnxLcz7fQRZr8voh8V10kGhABbNcHVk5wHgWwg==",
					"dev": true,
					"requires": {
						"braces": "^3.0.1",
						"picomatch": "^2.2.3"
					}
				},
				"picomatch": {
					"version": "2.3.0",
					"resolved": "https://registry.npmjs.org/picomatch/-/picomatch-2.3.0.tgz",
					"integrity": "sha512-lY1Q/PiJGC2zOv/z391WOTD+Z02bCgsFfvxoXXf6h7kv9o+WmsmzYqrAwY63sNgOxE4xEdq0WyUnXfKeBrSvYw==",
					"dev": true
				},
				"requires-port": {
					"version": "1.0.0",
					"resolved": "https://registry.npmjs.org/requires-port/-/requires-port-1.0.0.tgz",
					"integrity": "sha1-kl0mAdOaxIXgkc8NpcbmlNw9yv8=",
					"dev": true
				},
				"to-regex-range": {
					"version": "5.0.1",
					"resolved": "https://registry.npmjs.org/to-regex-range/-/to-regex-range-5.0.1.tgz",
					"integrity": "sha512-65P7iz6X5yEr1cwcgvQxbbIw7Uk3gOy5dIdtZ4rDveLqhrdJP+Li/Hx6tyK0NEb+2GCyneCMJiGqrADCSNk8sQ==",
					"dev": true,
					"requires": {
						"is-number": "^7.0.0"
					}
				}
			}
		}
	}
}
